
Microsoft Visual Studio Solution File, Format Version 12.00
# Visual Studio Version 16
VisualStudioVersion = 16.0.29709.97
MinimumVisualStudioVersion = 10.0.40219.1
Project("{FAE04EC0-301F-11D3-BF4B-00C04F79EFBC}") = "Minimal Reproduction Bug - 131", "Minimal Reproduction Bug - 131\Minimal Reproduction Bug - 131.csproj", "{A2F2E3C4-7958-4A30-B85D-D783B5CB121E}"
EndProject
Global
	GlobalSection(SolutionConfigurationPlatforms) = preSolution
		Debug|Any CPU = Debug|Any CPU
		Release|Any CPU = Release|Any CPU
	EndGlobalSection
	GlobalSection(ProjectConfigurationPlatforms) = postSolution
		{A2F2E3C4-7958-4A30-B85D-D783B5CB121E}.Debug|Any CPU.ActiveCfg = Debug|Any CPU
		{A2F2E3C4-7958-4A30-B85D-D783B5CB121E}.Debug|Any CPU.Build.0 = Debug|Any CPU
		{A2F2E3C4-7958-4A30-B85D-D783B5CB121E}.Release|Any CPU.ActiveCfg = Release|Any CPU
		{A2F2E3C4-7958-4A30-B85D-D783B5CB121E}.Release|Any CPU.Build.0 = Release|Any CPU
	EndGlobalSection
	GlobalSection(SolutionProperties) = preSolution
		HideSolutionNode = FALSE
	EndGlobalSection
	GlobalSection(ExtensibilityGlobals) = postSolution
		SolutionGuid = {462D9749-5244-403A-9723-69E7CD7AFE40}
	EndGlobalSection
EndGlobal
